# THIS IS AN AUTOGENERATED FILE. DO NOT EDIT THIS FILE DIRECTLY.
# yarn lockfile v1


fonteditor-core@^1.0.5:
  version "1.0.5"
  resolved "https://registry.yarnpkg.com/fonteditor-core/-/fonteditor-core-1.0.5.tgz#870d9a69668b2c03d21ac5b8bed9be77435d5ee3"
  integrity sha512-/WLXbTOJKFA12DWIOZcXDWY45MoQoyymPn/zIgqqLcaBhfzYTAg/e7m2svhEzgYUVa5MiRfqmsWSlrjiNBHezg==
  dependencies:
    xmldom "~0.1.19"

xmldom@~0.1.19:
  version "0.1.27"
  resolved "https://registry.yarnpkg.com/xmldom/-/xmldom-0.1.27.tgz#d501f97b3bdb403af8ef9ecc20573187aadac0e9"
  integrity sha1-1QH5ezvbQDr4757MIFcxh6rawOk=
